PODS:
  - Flutter (1.0.0)
  - "flutter_conekta (1.7.2+3)":
    - Flutter

DEPENDENCIES:
  - Flutter (from `Flutter`)
  - flutter_conekta (from `.symlinks/plugins/flutter_conekta/ios`)

EXTERNAL SOURCES:
  Flutter:
    :path: Flutter
  flutter_conekta:
    :path: ".symlinks/plugins/flutter_conekta/ios"

SPEC CHECKSUMS:
  Flutter: 0e3d915762c693b495b44d77113d4970485de6ec
  flutter_conekta: a08db0026f7526d1053bbf80ca0e93ff136e6bdf

PODFILE CHECKSUM: f32fb4e7c14f8b3ca19a369d7be425dd9241af27

COCOAPODS: 1.9.3
